
Microsoft Visual Studio Solution File, Format Version 12.00
# Visual Studio Version 17
VisualStudioVersion = 17.2.32616.157
MinimumVisualStudioVersion = 10.0.40219.1
Project("{FAE04EC0-301F-11D3-BF4B-00C04F79EFBC}") = "ChessDetectionApp", "ChessDetectionApp\ChessDetectionApp.csproj", "{71910BCC-4CFC-486F-8420-812206A3FE79}"
EndProject
Project("{FAE04EC0-301F-11D3-BF4B-00C04F79EFBC}") = "ChessDetectonLib", "ChessDetectonLib\ChessDetectonLib.csproj", "{BFACB164-797E-4BB0-8996-BBD69A66E092}"
EndProject
Global
	GlobalSection(SolutionConfigurationPlatforms) = preSolution
		Debug|Any CPU = Debug|Any CPU
		Release|Any CPU = Release|Any CPU
	EndGlobalSection
	GlobalSection(ProjectConfigurationPlatforms) = postSolution
		{71910BCC-4CFC-486F-8420-812206A3FE79}.Debug|Any CPU.ActiveCfg = Debug|Any CPU
		{71910BCC-4CFC-486F-8420-812206A3FE79}.Debug|Any CPU.Build.0 = Debug|Any CPU
		{71910BCC-4CFC-486F-8420-812206A3FE79}.Release|Any CPU.ActiveCfg = Release|Any CPU
		{71910BCC-4CFC-486F-8420-812206A3FE79}.Release|Any CPU.Build.0 = Release|Any CPU
		{BFACB164-797E-4BB0-8996-BBD69A66E092}.Debug|Any CPU.ActiveCfg = Debug|Any CPU
		{BFACB164-797E-4BB0-8996-BBD69A66E092}.Debug|Any CPU.Build.0 = Debug|Any CPU
		{BFACB164-797E-4BB0-8996-BBD69A66E092}.Release|Any CPU.ActiveCfg = Release|Any CPU
		{BFACB164-797E-4BB0-8996-BBD69A66E092}.Release|Any CPU.Build.0 = Release|Any CPU
	EndGlobalSection
	GlobalSection(SolutionProperties) = preSolution
		HideSolutionNode = FALSE
	EndGlobalSection
	GlobalSection(ExtensibilityGlobals) = postSolution
		SolutionGuid = {A2BF0F95-8B47-4F30-B248-322098278936}
	EndGlobalSection
EndGlobal
